
Microsoft Visual Studio Solution File, Format Version 12.00
# Visual Studio Version 17
VisualStudioVersion = 17.4.33205.214
MinimumVisualStudioVersion = 10.0.40219.1
Project("{9A19103F-16F7-4668-BE54-9A1E7A4F7556}") = "Programming Advanced for QA - November 2023", "Programming Advanced for QA - November 2023\Programming Advanced for QA - November 2023.csproj", "{B7A99204-B64F-4624-9561-FDFF9F5892F6}"
EndProject
Project("{2150E333-8FDC-42A3-9474-1A3956D46DE8}") = "03. Strings and Text Processing - Lab", "03. Strings and Text Processing - Lab", "{E0C64A94-6B5E-4AD3-BA0B-A5A4BEC09F42}"
EndProject
Project("{9A19103F-16F7-4668-BE54-9A1E7A4F7556}") = "01. Reverse Strings", "01. Reverse Strings\01. Reverse Strings.csproj", "{76D7AD4F-1395-408C-8689-E072B4C678D4}"
EndProject
Project("{9A19103F-16F7-4668-BE54-9A1E7A4F7556}") = "02. Repeat Strings", "02. Repeat Strings\02. Repeat Strings.csproj", "{879E8C03-0DD5-479B-86AA-10A15EEE09AD}"
EndProject
Project("{9A19103F-16F7-4668-BE54-9A1E7A4F7556}") = "03. Substring", "03. Substring\03. Substring.csproj", "{99C4FAA8-3212-491E-B2EA-E61B1CC537CC}"
EndProject
Project("{9A19103F-16F7-4668-BE54-9A1E7A4F7556}") = "04. Text Filter", "04. Text Filter\04. Text Filter.csproj", "{05B12E22-6E92-472A-B4CD-A1F821DC1E24}"
EndProject
Project("{9A19103F-16F7-4668-BE54-9A1E7A4F7556}") = "05. Digits, Letters and Other", "05. Digits, Letters and Other\05. Digits, Letters and Other.csproj", "{5F9DE72D-E91A-405E-9442-3EE0ADD78D05}"
EndProject
Project("{2150E333-8FDC-42A3-9474-1A3956D46DE8}") = "04. Regular Expressions - Lab", "04. Regular Expressions - Lab", "{9C3EEA9F-35C9-460E-944D-7413327F74ED}"
EndProject
Project("{9A19103F-16F7-4668-BE54-9A1E7A4F7556}") = "01. Match Full Name", "01. Match Full Name\01. Match Full Name.csproj", "{380F94BB-6941-4463-B3D2-6FE0205CA260}"
EndProject
Project("{9A19103F-16F7-4668-BE54-9A1E7A4F7556}") = "02. Match Phone Number", "02. Match Phone Number\02. Match Phone Number.csproj", "{3CCEA2EC-A0E0-46C2-83AC-649AB91F9450}"
EndProject
Project("{9A19103F-16F7-4668-BE54-9A1E7A4F7556}") = "03. Match Dates", "03. Match Dates\03. Match Dates.csproj", "{B34766D1-ED8B-44F6-8F35-158D78BD5D6D}"
EndProject
Project("{2150E333-8FDC-42A3-9474-1A3956D46DE8}") = "05. Strings and Regular Expressions - Unit Testing Exercise", "05. Strings and Regular Expressions - Unit Testing Exercise", "{1292D1D4-52FF-4C01-A93E-109B69D9FEB4}"
EndProject
Project("{9A19103F-16F7-4668-BE54-9A1E7A4F7556}") = "TestApp.UnitTests", "..\..\..\Downloads\03-Resources-Unit-Testing-Exercise-Strings-and-Regular-Expressions\TestApp.UnitTests\TestApp.UnitTests.csproj", "{FA8E2B5B-23F4-4BC0-BD73-112A0F15CEB6}"
EndProject
Project("{9A19103F-16F7-4668-BE54-9A1E7A4F7556}") = "TestApp", "..\..\..\Downloads\03-Resources-Unit-Testing-Exercise-Strings-and-Regular-Expressions\TestApp\TestApp.csproj", "{1286E353-B2EE-4205-91F6-B2D0424352B0}"
EndProject
Project("{2150E333-8FDC-42A3-9474-1A3956D46DE8}") = "06. Dictionaries, Lambda and LINQ - Lab", "06. Dictionaries, Lambda and LINQ - Lab", "{A16658D2-1DB6-41DF-8550-8C9DD5C77496}"
EndProject
Project("{9A19103F-16F7-4668-BE54-9A1E7A4F7556}") = "01. Count Real Numbers", "01. Count Real Numbers\01. Count Real Numbers.csproj", "{6B018C91-59CD-42AA-9D4D-9B73FE7165F0}"
EndProject
Project("{9A19103F-16F7-4668-BE54-9A1E7A4F7556}") = "02. Odd Occurrences", "02. Odd Occurrences\02. Odd Occurrences.csproj", "{B497D499-313D-4DFD-940C-2BCA368636B1}"
EndProject
Project("{9A19103F-16F7-4668-BE54-9A1E7A4F7556}") = "03. Word Synonyms", "03. Word Synonyms\03. Word Synonyms.csproj", "{8A2B3DB1-BF12-4ABA-B632-7FF32BA19E8C}"
EndProject
Project("{9A19103F-16F7-4668-BE54-9A1E7A4F7556}") = "04. Word Filter", "04. Word Filter\04. Word Filter.csproj", "{71CD5CA7-E091-4173-8503-EAAA11420B16}"
EndProject
Project("{2150E333-8FDC-42A3-9474-1A3956D46DE8}") = "07. Dictionaries, Lambda and LINQ - Exercise", "07. Dictionaries, Lambda and LINQ - Exercise", "{3E4C31E3-894D-48EA-8F22-34E62D164956}"
EndProject
Project("{9A19103F-16F7-4668-BE54-9A1E7A4F7556}") = "01. Count Chars in a String", "01. Count Chars in a String\01. Count Chars in a String.csproj", "{69276264-8ECC-485A-886E-72E37664CD00}"
EndProject
Project("{9A19103F-16F7-4668-BE54-9A1E7A4F7556}") = "02. A Miner Task", "02. A Miner Task\02. A Miner Task.csproj", "{DF62CC45-B672-44A3-B469-9438829DB1E1}"
EndProject
Project("{9A19103F-16F7-4668-BE54-9A1E7A4F7556}") = "03. Orders", "03. Orders\03. Orders.csproj", "{BFFAD3D1-A011-4896-B19C-C215BB1C29AF}"
EndProject
Project("{9A19103F-16F7-4668-BE54-9A1E7A4F7556}") = "04. SoftUni Parking", "04. SoftUni Parking\04. SoftUni Parking.csproj", "{A8CA2AE7-D24B-46C4-B775-FC446D583384}"
EndProject
Project("{9A19103F-16F7-4668-BE54-9A1E7A4F7556}") = "05. Student Academy", "05. Student Academy\05. Student Academy.csproj", "{1E7D1C86-4383-4400-B8FF-3F6288D76056}"
EndProject
Project("{9A19103F-16F7-4668-BE54-9A1E7A4F7556}") = "06. Company Users (not included in final score)", "06. Company Users (not included in final score)\06. Company Users (not included in final score).csproj", "{0ECBDC48-3F84-4FB6-9555-8E5701D42E60}"
EndProject
Project("{2150E333-8FDC-42A3-9474-1A3956D46DE8}") = "08. Dictionaries, Lambda and LINQ - Unit Testing Exercise", "08. Dictionaries, Lambda and LINQ - Unit Testing Exercise", "{437466BE-09C4-4AA7-B12A-3BCD5336E157}"
EndProject
Project("{9A19103F-16F7-4668-BE54-9A1E7A4F7556}") = "TestApp", "..\..\..\Downloads\06-Resources-Unit-Testing-Exercise-Dictionaries\TestApp\TestApp.csproj", "{5C804215-8DE6-4DE8-B427-F903FC0F7104}"
EndProject
Project("{9A19103F-16F7-4668-BE54-9A1E7A4F7556}") = "TestApp.Tests", "..\..\..\Downloads\06-Resources-Unit-Testing-Exercise-Dictionaries\TestApp.Tests\TestApp.Tests.csproj", "{0CB98E93-E3E9-427C-887A-5C2E23186262}"
	ProjectSection(ProjectDependencies) = postProject
		{FA8E2B5B-23F4-4BC0-BD73-112A0F15CEB6} = {FA8E2B5B-23F4-4BC0-BD73-112A0F15CEB6}
	EndProjectSection
EndProject
Project("{2150E333-8FDC-42A3-9474-1A3956D46DE8}") = "09. Objects and Classes - Lab", "09. Objects and Classes - Lab", "{FD99D6E4-C6B0-4364-AE8F-F049B0A136FD}"
EndProject
Project("{9A19103F-16F7-4668-BE54-9A1E7A4F7556}") = "01. Songs", "01. Songs\01. Songs.csproj", "{0864FC47-DFE8-41D2-A796-236CCBDE9FCD}"
EndProject
Project("{2150E333-8FDC-42A3-9474-1A3956D46DE8}") = "10. Defining Classes - Lab", "10. Defining Classes - Lab", "{BB4D4971-351E-40FC-B34C-F0601F964FCA}"
EndProject
Project("{9A19103F-16F7-4668-BE54-9A1E7A4F7556}") = "02.  Students", "02.  Students\02.  Students.csproj", "{4BCA2CE0-19EC-49CE-AE64-ECFB52476BD3}"
EndProject
Project("{9A19103F-16F7-4668-BE54-9A1E7A4F7556}") = "03. Store Boxes", "03. Store Boxes\03. Store Boxes.csproj", "{04939254-6D76-41AE-8152-A7FC086CD98F}"
EndProject
Project("{9A19103F-16F7-4668-BE54-9A1E7A4F7556}") = "04. Vehicle Catalogue (not included in final score)", "04. Vehicle Catalogue (not included in final score)\04. Vehicle Catalogue (not included in final score).csproj", "{868819FB-93A0-44AC-AE60-CABCB1B49770}"
EndProject
Project("{9A19103F-16F7-4668-BE54-9A1E7A4F7556}") = "CarManufacturer", "CarManufacturer\CarManufacturer.csproj", "{D61B1BDF-22A1-465B-BEA7-8380CCBC1EF2}"
EndProject
Project("{2150E333-8FDC-42A3-9474-1A3956D46DE8}") = "11. Objects and Classes - Exercise", "11. Objects and Classes - Exercise", "{E3B8C348-BCCB-45D4-B464-8BFD6D780651}"
EndProject
Project("{9A19103F-16F7-4668-BE54-9A1E7A4F7556}") = "Students", "Students\Students.csproj", "{8F243EFE-AE33-490B-9DD4-1147115B0EED}"
EndProject
Project("{9A19103F-16F7-4668-BE54-9A1E7A4F7556}") = "Articles", "Articles\Articles.csproj", "{B74ABA0D-DD2B-41DD-AEE5-4D0960E520EC}"
EndProject
Project("{9A19103F-16F7-4668-BE54-9A1E7A4F7556}") = "Teamwork Projects", "Teamwork Projects\Teamwork Projects.csproj", "{630F5BBF-552B-47BA-9D25-57E159DC8F5F}"
EndProject
Project("{2150E333-8FDC-42A3-9474-1A3956D46DE8}") = "12. Objects and Classes - Unit Testing Exercise", "12. Objects and Classes - Unit Testing Exercise", "{809AF7F7-2ADB-4BC0-8D3D-35530D26B636}"
EndProject
Project("{9A19103F-16F7-4668-BE54-9A1E7A4F7556}") = "TestApp", "..\..\..\Downloads\10-Resources-Unit-Testing-Exercise-Classes (1)\TestApp\TestApp.csproj", "{001D225A-C22E-4AC1-A671-274F0B58D349}"
EndProject
Project("{9A19103F-16F7-4668-BE54-9A1E7A4F7556}") = "TestApp.UnitTests", "..\..\..\Downloads\10-Resources-Unit-Testing-Exercise-Classes (1)\TestApp.UnitTests\TestApp.UnitTests.csproj", "{9F45990F-8FDD-4003-AFE4-0D88C06C0183}"
EndProject
Project("{9A19103F-16F7-4668-BE54-9A1E7A4F7556}") = "05._Pokemon_Trainer", "05._Pokemon_Trainer\05._Pokemon_Trainer.csproj", "{AB5A4ED7-D454-4938-B022-C9160715B7D2}"
EndProject
Project("{2150E333-8FDC-42A3-9474-1A3956D46DE8}") = "13. Exceptions and Error Handling - Lab", "13. Exceptions and Error Handling - Lab", "{E1973B16-224D-4EC3-A6CB-4F4C64A74765}"
EndProject
Project("{9A19103F-16F7-4668-BE54-9A1E7A4F7556}") = "01. Square Root", "01. Square Root\01. Square Root.csproj", "{4C505A05-5BE3-42BF-96A8-719A659F853E}"
EndProject
Project("{9A19103F-16F7-4668-BE54-9A1E7A4F7556}") = "02. Enter Numbers", "02. Enter Numbers\02. Enter Numbers.csproj", "{AA829E33-A7C2-4BBD-8726-B9F2CC1ACEC4}"
EndProject
Project("{9A19103F-16F7-4668-BE54-9A1E7A4F7556}") = "03. Sum of Integers", "03. Sum of Integers\03. Sum of Integers.csproj", "{C203C802-1405-4F49-90DD-BCDEB42523CC}"
EndProject
Project("{9A19103F-16F7-4668-BE54-9A1E7A4F7556}") = "05. Play catch", "05. Play catch\05. Play catch.csproj", "{1FDC946E-754F-44D7-87C0-D36FFF78A864}"
EndProject
Project("{2150E333-8FDC-42A3-9474-1A3956D46DE8}") = "14. Exceptions and Error Handling - Unit Testing Exercise", "14. Exceptions and Error Handling - Unit Testing Exercise", "{DB342A58-0408-4C57-89D5-3F75DF57AFF0}"
EndProject
Project("{9A19103F-16F7-4668-BE54-9A1E7A4F7556}") = "TestApp.UnitTests", "..\..\..\Downloads\12-Unit-Testing-Exercise-Exception-Handling-Resources\TestApp.UnitTests\TestApp.UnitTests.csproj", "{F0B31321-F44F-4630-B75D-ED22B080A64C}"
EndProject
Project("{9A19103F-16F7-4668-BE54-9A1E7A4F7556}") = "TestApp", "..\..\..\Downloads\12-Unit-Testing-Exercise-Exception-Handling-Resources\TestApp\TestApp.csproj", "{A77B22B1-B85C-45D5-A8D8-58B67458088C}"
EndProject
Project("{2150E333-8FDC-42A3-9474-1A3956D46DE8}") = "15. Encapsulation and Inheritance - Lab", "15. Encapsulation and Inheritance - Lab", "{3F3F4A8D-7E19-43CC-B595-88176B00D3BC}"
EndProject
Project("{9A19103F-16F7-4668-BE54-9A1E7A4F7556}") = "BoxData", "..\..\..\Downloads\13-Resources-OOP-Principles-Encapsulation-Inheritance\BoxData\BoxData.csproj", "{1B4BD948-F828-4669-AA80-663B41863C1E}"
EndProject
Project("{9A19103F-16F7-4668-BE54-9A1E7A4F7556}") = "PersonInfo", "..\..\..\Downloads\13-Resources-OOP-Principles-Encapsulation-Inheritance\PersonInfo\PersonInfo.csproj", "{F9FFBC7C-87A1-43EF-9C66-26D1A16B66FC}"
EndProject
Project("{9A19103F-16F7-4668-BE54-9A1E7A4F7556}") = "Players", "..\..\..\Downloads\13-Resources-OOP-Principles-Encapsulation-Inheritance\Players\Players.csproj", "{2B809637-ED45-4AB3-B596-787D9D0128C5}"
EndProject
Project("{9A19103F-16F7-4668-BE54-9A1E7A4F7556}") = "Zoo", "..\..\..\Downloads\13-Resources-OOP-Principles-Encapsulation-Inheritance\Zoo\Zoo.csproj", "{17160C6E-EEFD-4FA5-9CCA-636BE7D7DCE1}"
EndProject
Project("{2150E333-8FDC-42A3-9474-1A3956D46DE8}") = "16. OOP Principles - Abstraction and Polymorphism - Lab", "16. OOP Principles - Abstraction and Polymorphism - Lab", "{9EBD8298-F1AB-4236-8AC2-C16D73595DA7}"
EndProject
Project("{9A19103F-16F7-4668-BE54-9A1E7A4F7556}") = "Animals", "..\..\..\Downloads\14-Resouces-OOP-Principles-Abstraction-Polymorphism\Animals\Animals.csproj", "{4793E728-6E9C-4295-A776-5BC4CEF39F22}"
EndProject
Project("{9A19103F-16F7-4668-BE54-9A1E7A4F7556}") = "Cars", "..\..\..\Downloads\14-Resouces-OOP-Principles-Abstraction-Polymorphism\Cars\Cars.csproj", "{D20BBCE5-4542-4CC8-AC66-C8811FD1DD51}"
EndProject
Project("{9A19103F-16F7-4668-BE54-9A1E7A4F7556}") = "Raiding", "..\..\..\Downloads\14-Resouces-OOP-Principles-Abstraction-Polymorphism\Raiding\Raiding.csproj", "{621FECC5-7107-401F-B7F6-A8ED81566564}"
EndProject
Project("{9A19103F-16F7-4668-BE54-9A1E7A4F7556}") = "Shapes", "..\..\..\Downloads\14-Resouces-OOP-Principles-Abstraction-Polymorphism\Shapes\Shapes.csproj", "{04AC9566-49A2-4452-A11E-E471E1A75A88}"
EndProject
Project("{2150E333-8FDC-42A3-9474-1A3956D46DE8}") = "17. Exercises - Implementing an OOP Hierarchy", "17. Exercises - Implementing an OOP Hierarchy", "{9AB19957-8DC0-4FD5-8D1E-06AFEB5FA50D}"
EndProject
Project("{9A19103F-16F7-4668-BE54-9A1E7A4F7556}") = "ExerciseOopHierarchy", "..\..\..\Downloads\15-Resources-Implementing-OOP-Hierarchy (2)\ExerciseOopHierarchy.csproj", "{BE696785-1876-4E0B-888E-DC90CB63DA51}"
EndProject
Global
	GlobalSection(SolutionConfigurationPlatforms) = preSolution
		Debug|Any CPU = Debug|Any CPU
		Release|Any CPU = Release|Any CPU
	EndGlobalSection
	GlobalSection(ProjectConfigurationPlatforms) = postSolution
		{B7A99204-B64F-4624-9561-FDFF9F5892F6}.Debug|Any CPU.ActiveCfg = Debug|Any CPU
		{B7A99204-B64F-4624-9561-FDFF9F5892F6}.Debug|Any CPU.Build.0 = Debug|Any CPU
		{B7A99204-B64F-4624-9561-FDFF9F5892F6}.Release|Any CPU.ActiveCfg = Release|Any CPU
		{B7A99204-B64F-4624-9561-FDFF9F5892F6}.Release|Any CPU.Build.0 = Release|Any CPU
		{76D7AD4F-1395-408C-8689-E072B4C678D4}.Debug|Any CPU.ActiveCfg = Debug|Any CPU
		{76D7AD4F-1395-408C-8689-E072B4C678D4}.Debug|Any CPU.Build.0 = Debug|Any CPU
		{76D7AD4F-1395-408C-8689-E072B4C678D4}.Release|Any CPU.ActiveCfg = Release|Any CPU
		{76D7AD4F-1395-408C-8689-E072B4C678D4}.Release|Any CPU.Build.0 = Release|Any CPU
		{879E8C03-0DD5-479B-86AA-10A15EEE09AD}.Debug|Any CPU.ActiveCfg = Debug|Any CPU
		{879E8C03-0DD5-479B-86AA-10A15EEE09AD}.Debug|Any CPU.Build.0 = Debug|Any CPU
		{879E8C03-0DD5-479B-86AA-10A15EEE09AD}.Release|Any CPU.ActiveCfg = Release|Any CPU
		{879E8C03-0DD5-479B-86AA-10A15EEE09AD}.Release|Any CPU.Build.0 = Release|Any CPU
		{99C4FAA8-3212-491E-B2EA-E61B1CC537CC}.Debug|Any CPU.ActiveCfg = Debug|Any CPU
		{99C4FAA8-3212-491E-B2EA-E61B1CC537CC}.Debug|Any CPU.Build.0 = Debug|Any CPU
		{99C4FAA8-3212-491E-B2EA-E61B1CC537CC}.Release|Any CPU.ActiveCfg = Release|Any CPU
		{99C4FAA8-3212-491E-B2EA-E61B1CC537CC}.Release|Any CPU.Build.0 = Release|Any CPU
		{05B12E22-6E92-472A-B4CD-A1F821DC1E24}.Debug|Any CPU.ActiveCfg = Debug|Any CPU
		{05B12E22-6E92-472A-B4CD-A1F821DC1E24}.Debug|Any CPU.Build.0 = Debug|Any CPU
		{05B12E22-6E92-472A-B4CD-A1F821DC1E24}.Release|Any CPU.ActiveCfg = Release|Any CPU
		{05B12E22-6E92-472A-B4CD-A1F821DC1E24}.Release|Any CPU.Build.0 = Release|Any CPU
		{5F9DE72D-E91A-405E-9442-3EE0ADD78D05}.Debug|Any CPU.ActiveCfg = Debug|Any CPU
		{5F9DE72D-E91A-405E-9442-3EE0ADD78D05}.Debug|Any CPU.Build.0 = Debug|Any CPU
		{5F9DE72D-E91A-405E-9442-3EE0ADD78D05}.Release|Any CPU.ActiveCfg = Release|Any CPU
		{5F9DE72D-E91A-405E-9442-3EE0ADD78D05}.Release|Any CPU.Build.0 = Release|Any CPU
		{380F94BB-6941-4463-B3D2-6FE0205CA260}.Debug|Any CPU.ActiveCfg = Debug|Any CPU
		{380F94BB-6941-4463-B3D2-6FE0205CA260}.Debug|Any CPU.Build.0 = Debug|Any CPU
		{380F94BB-6941-4463-B3D2-6FE0205CA260}.Release|Any CPU.ActiveCfg = Release|Any CPU
		{380F94BB-6941-4463-B3D2-6FE0205CA260}.Release|Any CPU.Build.0 = Release|Any CPU
		{3CCEA2EC-A0E0-46C2-83AC-649AB91F9450}.Debug|Any CPU.ActiveCfg = Debug|Any CPU
		{3CCEA2EC-A0E0-46C2-83AC-649AB91F9450}.Debug|Any CPU.Build.0 = Debug|Any CPU
		{3CCEA2EC-A0E0-46C2-83AC-649AB91F9450}.Release|Any CPU.ActiveCfg = Release|Any CPU
		{3CCEA2EC-A0E0-46C2-83AC-649AB91F9450}.Release|Any CPU.Build.0 = Release|Any CPU
		{B34766D1-ED8B-44F6-8F35-158D78BD5D6D}.Debug|Any CPU.ActiveCfg = Debug|Any CPU
		{B34766D1-ED8B-44F6-8F35-158D78BD5D6D}.Debug|Any CPU.Build.0 = Debug|Any CPU
		{B34766D1-ED8B-44F6-8F35-158D78BD5D6D}.Release|Any CPU.ActiveCfg = Release|Any CPU
		{B34766D1-ED8B-44F6-8F35-158D78BD5D6D}.Release|Any CPU.Build.0 = Release|Any CPU
		{FA8E2B5B-23F4-4BC0-BD73-112A0F15CEB6}.Debug|Any CPU.ActiveCfg = Debug|Any CPU
		{FA8E2B5B-23F4-4BC0-BD73-112A0F15CEB6}.Debug|Any CPU.Build.0 = Debug|Any CPU
		{FA8E2B5B-23F4-4BC0-BD73-112A0F15CEB6}.Release|Any CPU.ActiveCfg = Release|Any CPU
		{FA8E2B5B-23F4-4BC0-BD73-112A0F15CEB6}.Release|Any CPU.Build.0 = Release|Any CPU
		{1286E353-B2EE-4205-91F6-B2D0424352B0}.Debug|Any CPU.ActiveCfg = Debug|Any CPU
		{1286E353-B2EE-4205-91F6-B2D0424352B0}.Debug|Any CPU.Build.0 = Debug|Any CPU
		{1286E353-B2EE-4205-91F6-B2D0424352B0}.Release|Any CPU.ActiveCfg = Release|Any CPU
		{1286E353-B2EE-4205-91F6-B2D0424352B0}.Release|Any CPU.Build.0 = Release|Any CPU
		{6B018C91-59CD-42AA-9D4D-9B73FE7165F0}.Debug|Any CPU.ActiveCfg = Debug|Any CPU
		{6B018C91-59CD-42AA-9D4D-9B73FE7165F0}.Debug|Any CPU.Build.0 = Debug|Any CPU
		{6B018C91-59CD-42AA-9D4D-9B73FE7165F0}.Release|Any CPU.ActiveCfg = Release|Any CPU
		{6B018C91-59CD-42AA-9D4D-9B73FE7165F0}.Release|Any CPU.Build.0 = Release|Any CPU
		{B497D499-313D-4DFD-940C-2BCA368636B1}.Debug|Any CPU.ActiveCfg = Debug|Any CPU
		{B497D499-313D-4DFD-940C-2BCA368636B1}.Debug|Any CPU.Build.0 = Debug|Any CPU
		{B497D499-313D-4DFD-940C-2BCA368636B1}.Release|Any CPU.ActiveCfg = Release|Any CPU
		{B497D499-313D-4DFD-940C-2BCA368636B1}.Release|Any CPU.Build.0 = Release|Any CPU
		{8A2B3DB1-BF12-4ABA-B632-7FF32BA19E8C}.Debug|Any CPU.ActiveCfg = Debug|Any CPU
		{8A2B3DB1-BF12-4ABA-B632-7FF32BA19E8C}.Debug|Any CPU.Build.0 = Debug|Any CPU
		{8A2B3DB1-BF12-4ABA-B632-7FF32BA19E8C}.Release|Any CPU.ActiveCfg = Release|Any CPU
		{8A2B3DB1-BF12-4ABA-B632-7FF32BA19E8C}.Release|Any CPU.Build.0 = Release|Any CPU
		{71CD5CA7-E091-4173-8503-EAAA11420B16}.Debug|Any CPU.ActiveCfg = Debug|Any CPU
		{71CD5CA7-E091-4173-8503-EAAA11420B16}.Debug|Any CPU.Build.0 = Debug|Any CPU
		{71CD5CA7-E091-4173-8503-EAAA11420B16}.Release|Any CPU.ActiveCfg = Release|Any CPU
		{71CD5CA7-E091-4173-8503-EAAA11420B16}.Release|Any CPU.Build.0 = Release|Any CPU
		{69276264-8ECC-485A-886E-72E37664CD00}.Debug|Any CPU.ActiveCfg = Debug|Any CPU
		{69276264-8ECC-485A-886E-72E37664CD00}.Debug|Any CPU.Build.0 = Debug|Any CPU
		{69276264-8ECC-485A-886E-72E37664CD00}.Release|Any CPU.ActiveCfg = Release|Any CPU
		{69276264-8ECC-485A-886E-72E37664CD00}.Release|Any CPU.Build.0 = Release|Any CPU
		{DF62CC45-B672-44A3-B469-9438829DB1E1}.Debug|Any CPU.ActiveCfg = Debug|Any CPU
		{DF62CC45-B672-44A3-B469-9438829DB1E1}.Debug|Any CPU.Build.0 = Debug|Any CPU
		{DF62CC45-B672-44A3-B469-9438829DB1E1}.Release|Any CPU.ActiveCfg = Release|Any CPU
		{DF62CC45-B672-44A3-B469-9438829DB1E1}.Release|Any CPU.Build.0 = Release|Any CPU
		{BFFAD3D1-A011-4896-B19C-C215BB1C29AF}.Debug|Any CPU.ActiveCfg = Debug|Any CPU
		{BFFAD3D1-A011-4896-B19C-C215BB1C29AF}.Debug|Any CPU.Build.0 = Debug|Any CPU
		{BFFAD3D1-A011-4896-B19C-C215BB1C29AF}.Release|Any CPU.ActiveCfg = Release|Any CPU
		{BFFAD3D1-A011-4896-B19C-C215BB1C29AF}.Release|Any CPU.Build.0 = Release|Any CPU
		{A8CA2AE7-D24B-46C4-B775-FC446D583384}.Debug|Any CPU.ActiveCfg = Debug|Any CPU
		{A8CA2AE7-D24B-46C4-B775-FC446D583384}.Debug|Any CPU.Build.0 = Debug|Any CPU
		{A8CA2AE7-D24B-46C4-B775-FC446D583384}.Release|Any CPU.ActiveCfg = Release|Any CPU
		{A8CA2AE7-D24B-46C4-B775-FC446D583384}.Release|Any CPU.Build.0 = Release|Any CPU
		{1E7D1C86-4383-4400-B8FF-3F6288D76056}.Debug|Any CPU.ActiveCfg = Debug|Any CPU
		{1E7D1C86-4383-4400-B8FF-3F6288D76056}.Debug|Any CPU.Build.0 = Debug|Any CPU
		{1E7D1C86-4383-4400-B8FF-3F6288D76056}.Release|Any CPU.ActiveCfg = Release|Any CPU
		{1E7D1C86-4383-4400-B8FF-3F6288D76056}.Release|Any CPU.Build.0 = Release|Any CPU
		{0ECBDC48-3F84-4FB6-9555-8E5701D42E60}.Debug|Any CPU.ActiveCfg = Debug|Any CPU
		{0ECBDC48-3F84-4FB6-9555-8E5701D42E60}.Debug|Any CPU.Build.0 = Debug|Any CPU
		{0ECBDC48-3F84-4FB6-9555-8E5701D42E60}.Release|Any CPU.ActiveCfg = Release|Any CPU
		{0ECBDC48-3F84-4FB6-9555-8E5701D42E60}.Release|Any CPU.Build.0 = Release|Any CPU
		{5C804215-8DE6-4DE8-B427-F903FC0F7104}.Debug|Any CPU.ActiveCfg = Debug|Any CPU
		{5C804215-8DE6-4DE8-B427-F903FC0F7104}.Debug|Any CPU.Build.0 = Debug|Any CPU
		{5C804215-8DE6-4DE8-B427-F903FC0F7104}.Release|Any CPU.ActiveCfg = Release|Any CPU
		{5C804215-8DE6-4DE8-B427-F903FC0F7104}.Release|Any CPU.Build.0 = Release|Any CPU
		{0CB98E93-E3E9-427C-887A-5C2E23186262}.Debug|Any CPU.ActiveCfg = Debug|Any CPU
		{0CB98E93-E3E9-427C-887A-5C2E23186262}.Debug|Any CPU.Build.0 = Debug|Any CPU
		{0CB98E93-E3E9-427C-887A-5C2E23186262}.Release|Any CPU.ActiveCfg = Release|Any CPU
		{0CB98E93-E3E9-427C-887A-5C2E23186262}.Release|Any CPU.Build.0 = Release|Any CPU
		{0864FC47-DFE8-41D2-A796-236CCBDE9FCD}.Debug|Any CPU.ActiveCfg = Debug|Any CPU
		{0864FC47-DFE8-41D2-A796-236CCBDE9FCD}.Debug|Any CPU.Build.0 = Debug|Any CPU
		{0864FC47-DFE8-41D2-A796-236CCBDE9FCD}.Release|Any CPU.ActiveCfg = Release|Any CPU
		{0864FC47-DFE8-41D2-A796-236CCBDE9FCD}.Release|Any CPU.Build.0 = Release|Any CPU
		{4BCA2CE0-19EC-49CE-AE64-ECFB52476BD3}.Debug|Any CPU.ActiveCfg = Debug|Any CPU
		{4BCA2CE0-19EC-49CE-AE64-ECFB52476BD3}.Debug|Any CPU.Build.0 = Debug|Any CPU
		{4BCA2CE0-19EC-49CE-AE64-ECFB52476BD3}.Release|Any CPU.ActiveCfg = Release|Any CPU
		{4BCA2CE0-19EC-49CE-AE64-ECFB52476BD3}.Release|Any CPU.Build.0 = Release|Any CPU
		{04939254-6D76-41AE-8152-A7FC086CD98F}.Debug|Any CPU.ActiveCfg = Debug|Any CPU
		{04939254-6D76-41AE-8152-A7FC086CD98F}.Debug|Any CPU.Build.0 = Debug|Any CPU
		{04939254-6D76-41AE-8152-A7FC086CD98F}.Release|Any CPU.ActiveCfg = Release|Any CPU
		{04939254-6D76-41AE-8152-A7FC086CD98F}.Release|Any CPU.Build.0 = Release|Any CPU
		{868819FB-93A0-44AC-AE60-CABCB1B49770}.Debug|Any CPU.ActiveCfg = Debug|Any CPU
		{868819FB-93A0-44AC-AE60-CABCB1B49770}.Debug|Any CPU.Build.0 = Debug|Any CPU
		{868819FB-93A0-44AC-AE60-CABCB1B49770}.Release|Any CPU.ActiveCfg = Release|Any CPU
		{868819FB-93A0-44AC-AE60-CABCB1B49770}.Release|Any CPU.Build.0 = Release|Any CPU
		{D61B1BDF-22A1-465B-BEA7-8380CCBC1EF2}.Debug|Any CPU.ActiveCfg = Debug|Any CPU
		{D61B1BDF-22A1-465B-BEA7-8380CCBC1EF2}.Debug|Any CPU.Build.0 = Debug|Any CPU
		{D61B1BDF-22A1-465B-BEA7-8380CCBC1EF2}.Release|Any CPU.ActiveCfg = Release|Any CPU
		{D61B1BDF-22A1-465B-BEA7-8380CCBC1EF2}.Release|Any CPU.Build.0 = Release|Any CPU
		{8F243EFE-AE33-490B-9DD4-1147115B0EED}.Debug|Any CPU.ActiveCfg = Debug|Any CPU
		{8F243EFE-AE33-490B-9DD4-1147115B0EED}.Debug|Any CPU.Build.0 = Debug|Any CPU
		{8F243EFE-AE33-490B-9DD4-1147115B0EED}.Release|Any CPU.ActiveCfg = Release|Any CPU
		{8F243EFE-AE33-490B-9DD4-1147115B0EED}.Release|Any CPU.Build.0 = Release|Any CPU
		{B74ABA0D-DD2B-41DD-AEE5-4D0960E520EC}.Debug|Any CPU.ActiveCfg = Debug|Any CPU
		{B74ABA0D-DD2B-41DD-AEE5-4D0960E520EC}.Debug|Any CPU.Build.0 = Debug|Any CPU
		{B74ABA0D-DD2B-41DD-AEE5-4D0960E520EC}.Release|Any CPU.ActiveCfg = Release|Any CPU
		{B74ABA0D-DD2B-41DD-AEE5-4D0960E520EC}.Release|Any CPU.Build.0 = Release|Any CPU
		{630F5BBF-552B-47BA-9D25-57E159DC8F5F}.Debug|Any CPU.ActiveCfg = Debug|Any CPU
		{630F5BBF-552B-47BA-9D25-57E159DC8F5F}.Debug|Any CPU.Build.0 = Debug|Any CPU
		{630F5BBF-552B-47BA-9D25-57E159DC8F5F}.Release|Any CPU.ActiveCfg = Release|Any CPU
		{630F5BBF-552B-47BA-9D25-57E159DC8F5F}.Release|Any CPU.Build.0 = Release|Any CPU
		{001D225A-C22E-4AC1-A671-274F0B58D349}.Debug|Any CPU.ActiveCfg = Debug|Any CPU
		{001D225A-C22E-4AC1-A671-274F0B58D349}.Debug|Any CPU.Build.0 = Debug|Any CPU
		{001D225A-C22E-4AC1-A671-274F0B58D349}.Release|Any CPU.ActiveCfg = Release|Any CPU
		{001D225A-C22E-4AC1-A671-274F0B58D349}.Release|Any CPU.Build.0 = Release|Any CPU
		{9F45990F-8FDD-4003-AFE4-0D88C06C0183}.Debug|Any CPU.ActiveCfg = Debug|Any CPU
		{9F45990F-8FDD-4003-AFE4-0D88C06C0183}.Debug|Any CPU.Build.0 = Debug|Any CPU
		{9F45990F-8FDD-4003-AFE4-0D88C06C0183}.Release|Any CPU.ActiveCfg = Release|Any CPU
		{9F45990F-8FDD-4003-AFE4-0D88C06C0183}.Release|Any CPU.Build.0 = Release|Any CPU
		{AB5A4ED7-D454-4938-B022-C9160715B7D2}.Debug|Any CPU.ActiveCfg = Debug|Any CPU
		{AB5A4ED7-D454-4938-B022-C9160715B7D2}.Debug|Any CPU.Build.0 = Debug|Any CPU
		{AB5A4ED7-D454-4938-B022-C9160715B7D2}.Release|Any CPU.ActiveCfg = Release|Any CPU
		{AB5A4ED7-D454-4938-B022-C9160715B7D2}.Release|Any CPU.Build.0 = Release|Any CPU
		{4C505A05-5BE3-42BF-96A8-719A659F853E}.Debug|Any CPU.ActiveCfg = Debug|Any CPU
		{4C505A05-5BE3-42BF-96A8-719A659F853E}.Debug|Any CPU.Build.0 = Debug|Any CPU
		{4C505A05-5BE3-42BF-96A8-719A659F853E}.Release|Any CPU.ActiveCfg = Release|Any CPU
		{4C505A05-5BE3-42BF-96A8-719A659F853E}.Release|Any CPU.Build.0 = Release|Any CPU
		{AA829E33-A7C2-4BBD-8726-B9F2CC1ACEC4}.Debug|Any CPU.ActiveCfg = Debug|Any CPU
		{AA829E33-A7C2-4BBD-8726-B9F2CC1ACEC4}.Debug|Any CPU.Build.0 = Debug|Any CPU
		{AA829E33-A7C2-4BBD-8726-B9F2CC1ACEC4}.Release|Any CPU.ActiveCfg = Release|Any CPU
		{AA829E33-A7C2-4BBD-8726-B9F2CC1ACEC4}.Release|Any CPU.Build.0 = Release|Any CPU
		{C203C802-1405-4F49-90DD-BCDEB42523CC}.Debug|Any CPU.ActiveCfg = Debug|Any CPU
		{C203C802-1405-4F49-90DD-BCDEB42523CC}.Debug|Any CPU.Build.0 = Debug|Any CPU
		{C203C802-1405-4F49-90DD-BCDEB42523CC}.Release|Any CPU.ActiveCfg = Release|Any CPU
		{C203C802-1405-4F49-90DD-BCDEB42523CC}.Release|Any CPU.Build.0 = Release|Any CPU
		{1FDC946E-754F-44D7-87C0-D36FFF78A864}.Debug|Any CPU.ActiveCfg = Debug|Any CPU
		{1FDC946E-754F-44D7-87C0-D36FFF78A864}.Debug|Any CPU.Build.0 = Debug|Any CPU
		{1FDC946E-754F-44D7-87C0-D36FFF78A864}.Release|Any CPU.ActiveCfg = Release|Any CPU
		{1FDC946E-754F-44D7-87C0-D36FFF78A864}.Release|Any CPU.Build.0 = Release|Any CPU
		{F0B31321-F44F-4630-B75D-ED22B080A64C}.Debug|Any CPU.ActiveCfg = Debug|Any CPU
		{F0B31321-F44F-4630-B75D-ED22B080A64C}.Debug|Any CPU.Build.0 = Debug|Any CPU
		{F0B31321-F44F-4630-B75D-ED22B080A64C}.Release|Any CPU.ActiveCfg = Release|Any CPU
		{F0B31321-F44F-4630-B75D-ED22B080A64C}.Release|Any CPU.Build.0 = Release|Any CPU
		{A77B22B1-B85C-45D5-A8D8-58B67458088C}.Debug|Any CPU.ActiveCfg = Debug|Any CPU
		{A77B22B1-B85C-45D5-A8D8-58B67458088C}.Debug|Any CPU.Build.0 = Debug|Any CPU
		{A77B22B1-B85C-45D5-A8D8-58B67458088C}.Release|Any CPU.ActiveCfg = Release|Any CPU
		{A77B22B1-B85C-45D5-A8D8-58B67458088C}.Release|Any CPU.Build.0 = Release|Any CPU
		{1B4BD948-F828-4669-AA80-663B41863C1E}.Debug|Any CPU.ActiveCfg = Debug|Any CPU
		{1B4BD948-F828-4669-AA80-663B41863C1E}.Debug|Any CPU.Build.0 = Debug|Any CPU
		{1B4BD948-F828-4669-AA80-663B41863C1E}.Release|Any CPU.ActiveCfg = Release|Any CPU
		{1B4BD948-F828-4669-AA80-663B41863C1E}.Release|Any CPU.Build.0 = Release|Any CPU
		{F9FFBC7C-87A1-43EF-9C66-26D1A16B66FC}.Debug|Any CPU.ActiveCfg = Debug|Any CPU
		{F9FFBC7C-87A1-43EF-9C66-26D1A16B66FC}.Debug|Any CPU.Build.0 = Debug|Any CPU
		{F9FFBC7C-87A1-43EF-9C66-26D1A16B66FC}.Release|Any CPU.ActiveCfg = Release|Any CPU
		{F9FFBC7C-87A1-43EF-9C66-26D1A16B66FC}.Release|Any CPU.Build.0 = Release|Any CPU
		{2B809637-ED45-4AB3-B596-787D9D0128C5}.Debug|Any CPU.ActiveCfg = Debug|Any CPU
		{2B809637-ED45-4AB3-B596-787D9D0128C5}.Debug|Any CPU.Build.0 = Debug|Any CPU
		{2B809637-ED45-4AB3-B596-787D9D0128C5}.Release|Any CPU.ActiveCfg = Release|Any CPU
		{2B809637-ED45-4AB3-B596-787D9D0128C5}.Release|Any CPU.Build.0 = Release|Any CPU
		{17160C6E-EEFD-4FA5-9CCA-636BE7D7DCE1}.Debug|Any CPU.ActiveCfg = Debug|Any CPU
		{17160C6E-EEFD-4FA5-9CCA-636BE7D7DCE1}.Debug|Any CPU.Build.0 = Debug|Any CPU
		{17160C6E-EEFD-4FA5-9CCA-636BE7D7DCE1}.Release|Any CPU.ActiveCfg = Release|Any CPU
		{17160C6E-EEFD-4FA5-9CCA-636BE7D7DCE1}.Release|Any CPU.Build.0 = Release|Any CPU
		{4793E728-6E9C-4295-A776-5BC4CEF39F22}.Debug|Any CPU.ActiveCfg = Debug|Any CPU
		{4793E728-6E9C-4295-A776-5BC4CEF39F22}.Debug|Any CPU.Build.0 = Debug|Any CPU
		{4793E728-6E9C-4295-A776-5BC4CEF39F22}.Release|Any CPU.ActiveCfg = Release|Any CPU
		{4793E728-6E9C-4295-A776-5BC4CEF39F22}.Release|Any CPU.Build.0 = Release|Any CPU
		{D20BBCE5-4542-4CC8-AC66-C8811FD1DD51}.Debug|Any CPU.ActiveCfg = Debug|Any CPU
		{D20BBCE5-4542-4CC8-AC66-C8811FD1DD51}.Debug|Any CPU.Build.0 = Debug|Any CPU
		{D20BBCE5-4542-4CC8-AC66-C8811FD1DD51}.Release|Any CPU.ActiveCfg = Release|Any CPU
		{D20BBCE5-4542-4CC8-AC66-C8811FD1DD51}.Release|Any CPU.Build.0 = Release|Any CPU
		{621FECC5-7107-401F-B7F6-A8ED81566564}.Debug|Any CPU.ActiveCfg = Debug|Any CPU
		{621FECC5-7107-401F-B7F6-A8ED81566564}.Debug|Any CPU.Build.0 = Debug|Any CPU
		{621FECC5-7107-401F-B7F6-A8ED81566564}.Release|Any CPU.ActiveCfg = Release|Any CPU
		{621FECC5-7107-401F-B7F6-A8ED81566564}.Release|Any CPU.Build.0 = Release|Any CPU
		{04AC9566-49A2-4452-A11E-E471E1A75A88}.Debug|Any CPU.ActiveCfg = Debug|Any CPU
		{04AC9566-49A2-4452-A11E-E471E1A75A88}.Debug|Any CPU.Build.0 = Debug|Any CPU
		{04AC9566-49A2-4452-A11E-E471E1A75A88}.Release|Any CPU.ActiveCfg = Release|Any CPU
		{04AC9566-49A2-4452-A11E-E471E1A75A88}.Release|Any CPU.Build.0 = Release|Any CPU
		{BE696785-1876-4E0B-888E-DC90CB63DA51}.Debug|Any CPU.ActiveCfg = Debug|Any CPU
		{BE696785-1876-4E0B-888E-DC90CB63DA51}.Debug|Any CPU.Build.0 = Debug|Any CPU
		{BE696785-1876-4E0B-888E-DC90CB63DA51}.Release|Any CPU.ActiveCfg = Release|Any CPU
		{BE696785-1876-4E0B-888E-DC90CB63DA51}.Release|Any CPU.Build.0 = Release|Any CPU
	EndGlobalSection
	GlobalSection(SolutionProperties) = preSolution
		HideSolutionNode = FALSE
	EndGlobalSection
	GlobalSection(NestedProjects) = preSolution
		{76D7AD4F-1395-408C-8689-E072B4C678D4} = {E0C64A94-6B5E-4AD3-BA0B-A5A4BEC09F42}
		{879E8C03-0DD5-479B-86AA-10A15EEE09AD} = {E0C64A94-6B5E-4AD3-BA0B-A5A4BEC09F42}
		{99C4FAA8-3212-491E-B2EA-E61B1CC537CC} = {E0C64A94-6B5E-4AD3-BA0B-A5A4BEC09F42}
		{05B12E22-6E92-472A-B4CD-A1F821DC1E24} = {E0C64A94-6B5E-4AD3-BA0B-A5A4BEC09F42}
		{5F9DE72D-E91A-405E-9442-3EE0ADD78D05} = {E0C64A94-6B5E-4AD3-BA0B-A5A4BEC09F42}
		{380F94BB-6941-4463-B3D2-6FE0205CA260} = {9C3EEA9F-35C9-460E-944D-7413327F74ED}
		{3CCEA2EC-A0E0-46C2-83AC-649AB91F9450} = {9C3EEA9F-35C9-460E-944D-7413327F74ED}
		{B34766D1-ED8B-44F6-8F35-158D78BD5D6D} = {9C3EEA9F-35C9-460E-944D-7413327F74ED}
		{FA8E2B5B-23F4-4BC0-BD73-112A0F15CEB6} = {1292D1D4-52FF-4C01-A93E-109B69D9FEB4}
		{1286E353-B2EE-4205-91F6-B2D0424352B0} = {1292D1D4-52FF-4C01-A93E-109B69D9FEB4}
		{6B018C91-59CD-42AA-9D4D-9B73FE7165F0} = {A16658D2-1DB6-41DF-8550-8C9DD5C77496}
		{B497D499-313D-4DFD-940C-2BCA368636B1} = {A16658D2-1DB6-41DF-8550-8C9DD5C77496}
		{8A2B3DB1-BF12-4ABA-B632-7FF32BA19E8C} = {A16658D2-1DB6-41DF-8550-8C9DD5C77496}
		{71CD5CA7-E091-4173-8503-EAAA11420B16} = {A16658D2-1DB6-41DF-8550-8C9DD5C77496}
		{69276264-8ECC-485A-886E-72E37664CD00} = {3E4C31E3-894D-48EA-8F22-34E62D164956}
		{DF62CC45-B672-44A3-B469-9438829DB1E1} = {3E4C31E3-894D-48EA-8F22-34E62D164956}
		{BFFAD3D1-A011-4896-B19C-C215BB1C29AF} = {3E4C31E3-894D-48EA-8F22-34E62D164956}
		{A8CA2AE7-D24B-46C4-B775-FC446D583384} = {3E4C31E3-894D-48EA-8F22-34E62D164956}
		{1E7D1C86-4383-4400-B8FF-3F6288D76056} = {3E4C31E3-894D-48EA-8F22-34E62D164956}
		{0ECBDC48-3F84-4FB6-9555-8E5701D42E60} = {3E4C31E3-894D-48EA-8F22-34E62D164956}
		{5C804215-8DE6-4DE8-B427-F903FC0F7104} = {437466BE-09C4-4AA7-B12A-3BCD5336E157}
		{0CB98E93-E3E9-427C-887A-5C2E23186262} = {437466BE-09C4-4AA7-B12A-3BCD5336E157}
		{0864FC47-DFE8-41D2-A796-236CCBDE9FCD} = {FD99D6E4-C6B0-4364-AE8F-F049B0A136FD}
		{4BCA2CE0-19EC-49CE-AE64-ECFB52476BD3} = {FD99D6E4-C6B0-4364-AE8F-F049B0A136FD}
		{04939254-6D76-41AE-8152-A7FC086CD98F} = {FD99D6E4-C6B0-4364-AE8F-F049B0A136FD}
		{868819FB-93A0-44AC-AE60-CABCB1B49770} = {FD99D6E4-C6B0-4364-AE8F-F049B0A136FD}
		{D61B1BDF-22A1-465B-BEA7-8380CCBC1EF2} = {BB4D4971-351E-40FC-B34C-F0601F964FCA}
		{8F243EFE-AE33-490B-9DD4-1147115B0EED} = {E3B8C348-BCCB-45D4-B464-8BFD6D780651}
		{B74ABA0D-DD2B-41DD-AEE5-4D0960E520EC} = {E3B8C348-BCCB-45D4-B464-8BFD6D780651}
		{630F5BBF-552B-47BA-9D25-57E159DC8F5F} = {E3B8C348-BCCB-45D4-B464-8BFD6D780651}
		{001D225A-C22E-4AC1-A671-274F0B58D349} = {809AF7F7-2ADB-4BC0-8D3D-35530D26B636}
		{9F45990F-8FDD-4003-AFE4-0D88C06C0183} = {809AF7F7-2ADB-4BC0-8D3D-35530D26B636}
		{AB5A4ED7-D454-4938-B022-C9160715B7D2} = {E3B8C348-BCCB-45D4-B464-8BFD6D780651}
		{4C505A05-5BE3-42BF-96A8-719A659F853E} = {E1973B16-224D-4EC3-A6CB-4F4C64A74765}
		{AA829E33-A7C2-4BBD-8726-B9F2CC1ACEC4} = {E1973B16-224D-4EC3-A6CB-4F4C64A74765}
		{C203C802-1405-4F49-90DD-BCDEB42523CC} = {E1973B16-224D-4EC3-A6CB-4F4C64A74765}
		{1FDC946E-754F-44D7-87C0-D36FFF78A864} = {E1973B16-224D-4EC3-A6CB-4F4C64A74765}
		{F0B31321-F44F-4630-B75D-ED22B080A64C} = {DB342A58-0408-4C57-89D5-3F75DF57AFF0}
		{A77B22B1-B85C-45D5-A8D8-58B67458088C} = {DB342A58-0408-4C57-89D5-3F75DF57AFF0}
		{1B4BD948-F828-4669-AA80-663B41863C1E} = {3F3F4A8D-7E19-43CC-B595-88176B00D3BC}
		{F9FFBC7C-87A1-43EF-9C66-26D1A16B66FC} = {3F3F4A8D-7E19-43CC-B595-88176B00D3BC}
		{2B809637-ED45-4AB3-B596-787D9D0128C5} = {3F3F4A8D-7E19-43CC-B595-88176B00D3BC}
		{17160C6E-EEFD-4FA5-9CCA-636BE7D7DCE1} = {3F3F4A8D-7E19-43CC-B595-88176B00D3BC}
		{4793E728-6E9C-4295-A776-5BC4CEF39F22} = {9EBD8298-F1AB-4236-8AC2-C16D73595DA7}
		{D20BBCE5-4542-4CC8-AC66-C8811FD1DD51} = {9EBD8298-F1AB-4236-8AC2-C16D73595DA7}
		{621FECC5-7107-401F-B7F6-A8ED81566564} = {9EBD8298-F1AB-4236-8AC2-C16D73595DA7}
		{04AC9566-49A2-4452-A11E-E471E1A75A88} = {9EBD8298-F1AB-4236-8AC2-C16D73595DA7}
		{BE696785-1876-4E0B-888E-DC90CB63DA51} = {9AB19957-8DC0-4FD5-8D1E-06AFEB5FA50D}
	EndGlobalSection
	GlobalSection(ExtensibilityGlobals) = postSolution
		SolutionGuid = {20D8F02A-B5E3-46E0-A9E8-60FD5D8C6AF4}
	EndGlobalSection
EndGlobal
