
Microsoft Visual Studio Solution File, Format Version 12.00
# Visual Studio Version 17
VisualStudioVersion = 17.4.33205.214
MinimumVisualStudioVersion = 10.0.40219.1
Project("{9A19103F-16F7-4668-BE54-9A1E7A4F7556}") = "Programming Advanced for QA - November 2023", "Programming Advanced for QA - November 2023\Programming Advanced for QA - November 2023.csproj", "{B7A99204-B64F-4624-9561-FDFF9F5892F6}"
EndProject
Project("{2150E333-8FDC-42A3-9474-1A3956D46DE8}") = "Strings and Text Processing - Lab", "Strings and Text Processing - Lab", "{E0C64A94-6B5E-4AD3-BA0B-A5A4BEC09F42}"
EndProject
Project("{9A19103F-16F7-4668-BE54-9A1E7A4F7556}") = "01. Reverse Strings", "01. Reverse Strings\01. Reverse Strings.csproj", "{76D7AD4F-1395-408C-8689-E072B4C678D4}"
EndProject
Project("{9A19103F-16F7-4668-BE54-9A1E7A4F7556}") = "02. Repeat Strings", "02. Repeat Strings\02. Repeat Strings.csproj", "{879E8C03-0DD5-479B-86AA-10A15EEE09AD}"
EndProject
Project("{9A19103F-16F7-4668-BE54-9A1E7A4F7556}") = "03. Substring", "03. Substring\03. Substring.csproj", "{99C4FAA8-3212-491E-B2EA-E61B1CC537CC}"
EndProject
Project("{9A19103F-16F7-4668-BE54-9A1E7A4F7556}") = "04. Text Filter", "04. Text Filter\04. Text Filter.csproj", "{05B12E22-6E92-472A-B4CD-A1F821DC1E24}"
EndProject
Project("{9A19103F-16F7-4668-BE54-9A1E7A4F7556}") = "05. Digits, Letters and Other", "05. Digits, Letters and Other\05. Digits, Letters and Other.csproj", "{5F9DE72D-E91A-405E-9442-3EE0ADD78D05}"
EndProject
Project("{2150E333-8FDC-42A3-9474-1A3956D46DE8}") = "Regular Expressions - Lab", "Regular Expressions - Lab", "{9C3EEA9F-35C9-460E-944D-7413327F74ED}"
EndProject
Project("{9A19103F-16F7-4668-BE54-9A1E7A4F7556}") = "01. Match Full Name", "01. Match Full Name\01. Match Full Name.csproj", "{380F94BB-6941-4463-B3D2-6FE0205CA260}"
EndProject
Project("{FAE04EC0-301F-11D3-BF4B-00C04F79EFBC}") = "02. Match Phone Number", "02. Match Phone Number\02. Match Phone Number.csproj", "{3CCEA2EC-A0E0-46C2-83AC-649AB91F9450}"
EndProject
Project("{FAE04EC0-301F-11D3-BF4B-00C04F79EFBC}") = "03. Match Dates", "03. Match Dates\03. Match Dates.csproj", "{B34766D1-ED8B-44F6-8F35-158D78BD5D6D}"
EndProject
Project("{2150E333-8FDC-42A3-9474-1A3956D46DE8}") = "Strings and Regular Expressions - Unit Testing Exercise", "Strings and Regular Expressions - Unit Testing Exercise", "{1292D1D4-52FF-4C01-A93E-109B69D9FEB4}"
EndProject
Project("{9A19103F-16F7-4668-BE54-9A1E7A4F7556}") = "TestApp.UnitTests", "..\..\..\Downloads\03-Resources-Unit-Testing-Exercise-Strings-and-Regular-Expressions\TestApp.UnitTests\TestApp.UnitTests.csproj", "{FA8E2B5B-23F4-4BC0-BD73-112A0F15CEB6}"
EndProject
Project("{9A19103F-16F7-4668-BE54-9A1E7A4F7556}") = "TestApp", "..\..\..\Downloads\03-Resources-Unit-Testing-Exercise-Strings-and-Regular-Expressions\TestApp\TestApp.csproj", "{1286E353-B2EE-4205-91F6-B2D0424352B0}"
EndProject
Project("{2150E333-8FDC-42A3-9474-1A3956D46DE8}") = "Dictionaries, Lambda and LINQ - Lab", "Dictionaries, Lambda and LINQ - Lab", "{A16658D2-1DB6-41DF-8550-8C9DD5C77496}"
EndProject
Project("{FAE04EC0-301F-11D3-BF4B-00C04F79EFBC}") = "01. Count Real Numbers", "01. Count Real Numbers\01. Count Real Numbers.csproj", "{6B018C91-59CD-42AA-9D4D-9B73FE7165F0}"
EndProject
Project("{FAE04EC0-301F-11D3-BF4B-00C04F79EFBC}") = "02. Odd Occurrences", "02. Odd Occurrences\02. Odd Occurrences.csproj", "{B497D499-313D-4DFD-940C-2BCA368636B1}"
EndProject
Project("{FAE04EC0-301F-11D3-BF4B-00C04F79EFBC}") = "03. Word Synonyms", "03. Word Synonyms\03. Word Synonyms.csproj", "{8A2B3DB1-BF12-4ABA-B632-7FF32BA19E8C}"
EndProject
Project("{FAE04EC0-301F-11D3-BF4B-00C04F79EFBC}") = "04. Word Filter", "04. Word Filter\04. Word Filter.csproj", "{71CD5CA7-E091-4173-8503-EAAA11420B16}"
EndProject
Global
	GlobalSection(SolutionConfigurationPlatforms) = preSolution
		Debug|Any CPU = Debug|Any CPU
		Release|Any CPU = Release|Any CPU
	EndGlobalSection
	GlobalSection(ProjectConfigurationPlatforms) = postSolution
		{B7A99204-B64F-4624-9561-FDFF9F5892F6}.Debug|Any CPU.ActiveCfg = Debug|Any CPU
		{B7A99204-B64F-4624-9561-FDFF9F5892F6}.Debug|Any CPU.Build.0 = Debug|Any CPU
		{B7A99204-B64F-4624-9561-FDFF9F5892F6}.Release|Any CPU.ActiveCfg = Release|Any CPU
		{B7A99204-B64F-4624-9561-FDFF9F5892F6}.Release|Any CPU.Build.0 = Release|Any CPU
		{76D7AD4F-1395-408C-8689-E072B4C678D4}.Debug|Any CPU.ActiveCfg = Debug|Any CPU
		{76D7AD4F-1395-408C-8689-E072B4C678D4}.Debug|Any CPU.Build.0 = Debug|Any CPU
		{76D7AD4F-1395-408C-8689-E072B4C678D4}.Release|Any CPU.ActiveCfg = Release|Any CPU
		{76D7AD4F-1395-408C-8689-E072B4C678D4}.Release|Any CPU.Build.0 = Release|Any CPU
		{879E8C03-0DD5-479B-86AA-10A15EEE09AD}.Debug|Any CPU.ActiveCfg = Debug|Any CPU
		{879E8C03-0DD5-479B-86AA-10A15EEE09AD}.Debug|Any CPU.Build.0 = Debug|Any CPU
		{879E8C03-0DD5-479B-86AA-10A15EEE09AD}.Release|Any CPU.ActiveCfg = Release|Any CPU
		{879E8C03-0DD5-479B-86AA-10A15EEE09AD}.Release|Any CPU.Build.0 = Release|Any CPU
		{99C4FAA8-3212-491E-B2EA-E61B1CC537CC}.Debug|Any CPU.ActiveCfg = Debug|Any CPU
		{99C4FAA8-3212-491E-B2EA-E61B1CC537CC}.Debug|Any CPU.Build.0 = Debug|Any CPU
		{99C4FAA8-3212-491E-B2EA-E61B1CC537CC}.Release|Any CPU.ActiveCfg = Release|Any CPU
		{99C4FAA8-3212-491E-B2EA-E61B1CC537CC}.Release|Any CPU.Build.0 = Release|Any CPU
		{05B12E22-6E92-472A-B4CD-A1F821DC1E24}.Debug|Any CPU.ActiveCfg = Debug|Any CPU
		{05B12E22-6E92-472A-B4CD-A1F821DC1E24}.Debug|Any CPU.Build.0 = Debug|Any CPU
		{05B12E22-6E92-472A-B4CD-A1F821DC1E24}.Release|Any CPU.ActiveCfg = Release|Any CPU
		{05B12E22-6E92-472A-B4CD-A1F821DC1E24}.Release|Any CPU.Build.0 = Release|Any CPU
		{5F9DE72D-E91A-405E-9442-3EE0ADD78D05}.Debug|Any CPU.ActiveCfg = Debug|Any CPU
		{5F9DE72D-E91A-405E-9442-3EE0ADD78D05}.Debug|Any CPU.Build.0 = Debug|Any CPU
		{5F9DE72D-E91A-405E-9442-3EE0ADD78D05}.Release|Any CPU.ActiveCfg = Release|Any CPU
		{5F9DE72D-E91A-405E-9442-3EE0ADD78D05}.Release|Any CPU.Build.0 = Release|Any CPU
		{380F94BB-6941-4463-B3D2-6FE0205CA260}.Debug|Any CPU.ActiveCfg = Debug|Any CPU
		{380F94BB-6941-4463-B3D2-6FE0205CA260}.Debug|Any CPU.Build.0 = Debug|Any CPU
		{380F94BB-6941-4463-B3D2-6FE0205CA260}.Release|Any CPU.ActiveCfg = Release|Any CPU
		{380F94BB-6941-4463-B3D2-6FE0205CA260}.Release|Any CPU.Build.0 = Release|Any CPU
		{3CCEA2EC-A0E0-46C2-83AC-649AB91F9450}.Debug|Any CPU.ActiveCfg = Debug|Any CPU
		{3CCEA2EC-A0E0-46C2-83AC-649AB91F9450}.Debug|Any CPU.Build.0 = Debug|Any CPU
		{3CCEA2EC-A0E0-46C2-83AC-649AB91F9450}.Release|Any CPU.ActiveCfg = Release|Any CPU
		{3CCEA2EC-A0E0-46C2-83AC-649AB91F9450}.Release|Any CPU.Build.0 = Release|Any CPU
		{B34766D1-ED8B-44F6-8F35-158D78BD5D6D}.Debug|Any CPU.ActiveCfg = Debug|Any CPU
		{B34766D1-ED8B-44F6-8F35-158D78BD5D6D}.Debug|Any CPU.Build.0 = Debug|Any CPU
		{B34766D1-ED8B-44F6-8F35-158D78BD5D6D}.Release|Any CPU.ActiveCfg = Release|Any CPU
		{B34766D1-ED8B-44F6-8F35-158D78BD5D6D}.Release|Any CPU.Build.0 = Release|Any CPU
		{FA8E2B5B-23F4-4BC0-BD73-112A0F15CEB6}.Debug|Any CPU.ActiveCfg = Debug|Any CPU
		{FA8E2B5B-23F4-4BC0-BD73-112A0F15CEB6}.Debug|Any CPU.Build.0 = Debug|Any CPU
		{FA8E2B5B-23F4-4BC0-BD73-112A0F15CEB6}.Release|Any CPU.ActiveCfg = Release|Any CPU
		{FA8E2B5B-23F4-4BC0-BD73-112A0F15CEB6}.Release|Any CPU.Build.0 = Release|Any CPU
		{1286E353-B2EE-4205-91F6-B2D0424352B0}.Debug|Any CPU.ActiveCfg = Debug|Any CPU
		{1286E353-B2EE-4205-91F6-B2D0424352B0}.Debug|Any CPU.Build.0 = Debug|Any CPU
		{1286E353-B2EE-4205-91F6-B2D0424352B0}.Release|Any CPU.ActiveCfg = Release|Any CPU
		{1286E353-B2EE-4205-91F6-B2D0424352B0}.Release|Any CPU.Build.0 = Release|Any CPU
		{6B018C91-59CD-42AA-9D4D-9B73FE7165F0}.Debug|Any CPU.ActiveCfg = Debug|Any CPU
		{6B018C91-59CD-42AA-9D4D-9B73FE7165F0}.Debug|Any CPU.Build.0 = Debug|Any CPU
		{6B018C91-59CD-42AA-9D4D-9B73FE7165F0}.Release|Any CPU.ActiveCfg = Release|Any CPU
		{6B018C91-59CD-42AA-9D4D-9B73FE7165F0}.Release|Any CPU.Build.0 = Release|Any CPU
		{B497D499-313D-4DFD-940C-2BCA368636B1}.Debug|Any CPU.ActiveCfg = Debug|Any CPU
		{B497D499-313D-4DFD-940C-2BCA368636B1}.Debug|Any CPU.Build.0 = Debug|Any CPU
		{B497D499-313D-4DFD-940C-2BCA368636B1}.Release|Any CPU.ActiveCfg = Release|Any CPU
		{B497D499-313D-4DFD-940C-2BCA368636B1}.Release|Any CPU.Build.0 = Release|Any CPU
		{8A2B3DB1-BF12-4ABA-B632-7FF32BA19E8C}.Debug|Any CPU.ActiveCfg = Debug|Any CPU
		{8A2B3DB1-BF12-4ABA-B632-7FF32BA19E8C}.Debug|Any CPU.Build.0 = Debug|Any CPU
		{8A2B3DB1-BF12-4ABA-B632-7FF32BA19E8C}.Release|Any CPU.ActiveCfg = Release|Any CPU
		{8A2B3DB1-BF12-4ABA-B632-7FF32BA19E8C}.Release|Any CPU.Build.0 = Release|Any CPU
		{71CD5CA7-E091-4173-8503-EAAA11420B16}.Debug|Any CPU.ActiveCfg = Debug|Any CPU
		{71CD5CA7-E091-4173-8503-EAAA11420B16}.Debug|Any CPU.Build.0 = Debug|Any CPU
		{71CD5CA7-E091-4173-8503-EAAA11420B16}.Release|Any CPU.ActiveCfg = Release|Any CPU
		{71CD5CA7-E091-4173-8503-EAAA11420B16}.Release|Any CPU.Build.0 = Release|Any CPU
	EndGlobalSection
	GlobalSection(SolutionProperties) = preSolution
		HideSolutionNode = FALSE
	EndGlobalSection
	GlobalSection(NestedProjects) = preSolution
		{76D7AD4F-1395-408C-8689-E072B4C678D4} = {E0C64A94-6B5E-4AD3-BA0B-A5A4BEC09F42}
		{879E8C03-0DD5-479B-86AA-10A15EEE09AD} = {E0C64A94-6B5E-4AD3-BA0B-A5A4BEC09F42}
		{99C4FAA8-3212-491E-B2EA-E61B1CC537CC} = {E0C64A94-6B5E-4AD3-BA0B-A5A4BEC09F42}
		{05B12E22-6E92-472A-B4CD-A1F821DC1E24} = {E0C64A94-6B5E-4AD3-BA0B-A5A4BEC09F42}
		{5F9DE72D-E91A-405E-9442-3EE0ADD78D05} = {E0C64A94-6B5E-4AD3-BA0B-A5A4BEC09F42}
		{380F94BB-6941-4463-B3D2-6FE0205CA260} = {9C3EEA9F-35C9-460E-944D-7413327F74ED}
		{3CCEA2EC-A0E0-46C2-83AC-649AB91F9450} = {9C3EEA9F-35C9-460E-944D-7413327F74ED}
		{B34766D1-ED8B-44F6-8F35-158D78BD5D6D} = {9C3EEA9F-35C9-460E-944D-7413327F74ED}
		{FA8E2B5B-23F4-4BC0-BD73-112A0F15CEB6} = {1292D1D4-52FF-4C01-A93E-109B69D9FEB4}
		{1286E353-B2EE-4205-91F6-B2D0424352B0} = {1292D1D4-52FF-4C01-A93E-109B69D9FEB4}
		{6B018C91-59CD-42AA-9D4D-9B73FE7165F0} = {A16658D2-1DB6-41DF-8550-8C9DD5C77496}
		{B497D499-313D-4DFD-940C-2BCA368636B1} = {A16658D2-1DB6-41DF-8550-8C9DD5C77496}
		{8A2B3DB1-BF12-4ABA-B632-7FF32BA19E8C} = {A16658D2-1DB6-41DF-8550-8C9DD5C77496}
		{71CD5CA7-E091-4173-8503-EAAA11420B16} = {A16658D2-1DB6-41DF-8550-8C9DD5C77496}
	EndGlobalSection
	GlobalSection(ExtensibilityGlobals) = postSolution
		SolutionGuid = {20D8F02A-B5E3-46E0-A9E8-60FD5D8C6AF4}
	EndGlobalSection
EndGlobal
